
Microsoft Visual Studio Solution File, Format Version 12.00
# Visual Studio Version 16
VisualStudioVersion = 16.0.31729.503
MinimumVisualStudioVersion = 10.0.40219.1
Project("{FAE04EC0-301F-11D3-BF4B-00C04F79EFBC}") = "exercicio03decisao", "exercicio03decisao.csproj", "{356C1B04-0BD6-4A05-A15A-70597E8CEC74}"
EndProject
Global
	GlobalSection(SolutionConfigurationPlatforms) = preSolution
		Debug|Any CPU = Debug|Any CPU
		Release|Any CPU = Release|Any CPU
	EndGlobalSection
	GlobalSection(ProjectConfigurationPlatforms) = postSolution
		{356C1B04-0BD6-4A05-A15A-70597E8CEC74}.Debug|Any CPU.ActiveCfg = Debug|Any CPU
		{356C1B04-0BD6-4A05-A15A-70597E8CEC74}.Debug|Any CPU.Build.0 = Debug|Any CPU
		{356C1B04-0BD6-4A05-A15A-70597E8CEC74}.Release|Any CPU.ActiveCfg = Release|Any CPU
		{356C1B04-0BD6-4A05-A15A-70597E8CEC74}.Release|Any CPU.Build.0 = Release|Any CPU
	EndGlobalSection
	GlobalSection(SolutionProperties) = preSolution
		HideSolutionNode = FALSE
	EndGlobalSection
	GlobalSection(ExtensibilityGlobals) = postSolution
		SolutionGuid = {BF1F7EF0-DB40-4C62-AC58-437AAFA961A5}
	EndGlobalSection
EndGlobal
